{
  "version": 4,
  "terraform_version": "1.3.1",
  "serial": 30,
  "lineage": "b0d836b1-0a74-c6d3-e412-e7ffb3b17453",
  "outputs": {},
  "resources": [
    {
      "module": "module.lb",
      "mode": "managed",
      "type": "azurerm_lb",
      "name": "LB",
      "provider": "module.lb.provider[\"registry.terraform.io/hashicorp/azurerm\"]",
      "instances": [
        {
          "schema_version": 0,
          "attributes": {
            "frontend_ip_configuration": [
              {
                "availability_zone": "No-Zone",
                "gateway_load_balancer_frontend_ip_configuration_id": "",
                "id": "/subscriptions/17275fa9-f935-4d89-a406-ea12e4065661/resourceGroups/coa2test1/providers/Microsoft.Network/loadBalancers/Loadbalancer1/frontendIPConfigurations/PublicIPAddress",
                "inbound_nat_rules": [],
                "load_balancer_rules": [
                  "/subscriptions/17275fa9-f935-4d89-a406-ea12e4065661/resourceGroups/coa2test1/providers/Microsoft.Network/loadBalancers/Loadbalancer1/loadBalancingRules/http"
                ],
                "name": "PublicIPAddress",
                "outbound_rules": [],
                "private_ip_address": "",
                "private_ip_address_allocation": "Dynamic",
                "private_ip_address_version": "",
                "public_ip_address_id": "/subscriptions/17275fa9-f935-4d89-a406-ea12e4065661/resourceGroups/coa2test1/providers/Microsoft.Network/publicIPAddresses/vmss-public-ip",
                "public_ip_prefix_id": "",
                "subnet_id": "",
                "zones": []
              }
            ],
            "id": "/subscriptions/17275fa9-f935-4d89-a406-ea12e4065661/resourceGroups/coa2test1/providers/Microsoft.Network/loadBalancers/Loadbalancer1",
            "location": "westeurope",
            "name": "Loadbalancer1",
            "private_ip_address": "",
            "private_ip_addresses": [],
            "resource_group_name": "coa2test1",
            "sku": "Basic",
            "sku_tier": "Regional",
            "tags": {},
            "timeouts": null
          },
          "sensitive_attributes": [],
          "private": "eyJlMmJmYjczMC1lY2FhLTExZTYtOGY4OC0zNDM2M2JjN2M0YzAiOnsiY3JlYXRlIjoxODAwMDAwMDAwMDAwLCJkZWxldGUiOjE4MDAwMDAwMDAwMDAsInJlYWQiOjMwMDAwMDAwMDAwMCwidXBkYXRlIjoxODAwMDAwMDAwMDAwfX0=",
          "dependencies": [
            "module.network.azurerm_public_ip.IP",
            "module.rg.azurerm_resource_group.RGN"
          ]
        }
      ]
    },
    {
      "module": "module.lb",
      "mode": "managed",
      "type": "azurerm_lb_probe",
      "name": "LBP",
      "provider": "module.lb.provider[\"registry.terraform.io/hashicorp/azurerm\"]",
      "instances": [
        {
          "schema_version": 0,
          "attributes": {
            "id": "/subscriptions/17275fa9-f935-4d89-a406-ea12e4065661/resourceGroups/coa2test1/providers/Microsoft.Network/loadBalancers/Loadbalancer1/probes/healthcheck",
            "interval_in_seconds": 15,
            "load_balancer_rules": [
              "/subscriptions/17275fa9-f935-4d89-a406-ea12e4065661/resourceGroups/coa2test1/providers/Microsoft.Network/loadBalancers/Loadbalancer1/loadBalancingRules/http"
            ],
            "loadbalancer_id": "/subscriptions/17275fa9-f935-4d89-a406-ea12e4065661/resourceGroups/coa2test1/providers/Microsoft.Network/loadBalancers/Loadbalancer1",
            "name": "healthcheck",
            "number_of_probes": 2,
            "port": 80,
            "protocol": "Tcp",
            "request_path": "",
            "resource_group_name": "coa2test1",
            "timeouts": null
          },
          "sensitive_attributes": [],
          "private": "eyJlMmJmYjczMC1lY2FhLTExZTYtOGY4OC0zNDM2M2JjN2M0YzAiOnsiY3JlYXRlIjoxODAwMDAwMDAwMDAwLCJkZWxldGUiOjE4MDAwMDAwMDAwMDAsInJlYWQiOjMwMDAwMDAwMDAwMCwidXBkYXRlIjoxODAwMDAwMDAwMDAwfX0=",
          "dependencies": [
            "module.lb.azurerm_lb.LB",
            "module.network.azurerm_public_ip.IP",
            "module.rg.azurerm_resource_group.RGN"
          ]
        }
      ]
    },
    {
      "module": "module.network",
      "mode": "managed",
      "type": "azurerm_public_ip",
      "name": "IP",
      "provider": "module.network.provider[\"registry.terraform.io/hashicorp/azurerm\"]",
      "instances": [
        {
          "schema_version": 0,
          "attributes": {
            "allocation_method": "Static",
            "availability_zone": "No-Zone",
            "domain_name_label": "coa2netwerk1",
            "fqdn": "coa2netwerk1.westeurope.cloudapp.azure.com",
            "id": "/subscriptions/17275fa9-f935-4d89-a406-ea12e4065661/resourceGroups/coa2test1/providers/Microsoft.Network/publicIPAddresses/vmss-public-ip",
            "idle_timeout_in_minutes": 4,
            "ip_address": "20.73.255.25",
            "ip_tags": {},
            "ip_version": "IPv4",
            "location": "westeurope",
            "name": "vmss-public-ip",
            "public_ip_prefix_id": null,
            "resource_group_name": "coa2test1",
            "reverse_fqdn": "",
            "sku": "Basic",
            "sku_tier": "Regional",
            "tags": {},
            "timeouts": null,
            "zones": []
          },
          "sensitive_attributes": [],
          "private": "eyJlMmJmYjczMC1lY2FhLTExZTYtOGY4OC0zNDM2M2JjN2M0YzAiOnsiY3JlYXRlIjoxODAwMDAwMDAwMDAwLCJkZWxldGUiOjE4MDAwMDAwMDAwMDAsInJlYWQiOjMwMDAwMDAwMDAwMCwidXBkYXRlIjoxODAwMDAwMDAwMDAwfX0=",
          "dependencies": [
            "module.rg.azurerm_resource_group.RGN"
          ]
        }
      ]
    },
    {
      "module": "module.rg",
      "mode": "managed",
      "type": "azurerm_resource_group",
      "name": "RGN",
      "provider": "module.rg.provider[\"registry.terraform.io/hashicorp/azurerm\"]",
      "instances": [
        {
          "schema_version": 0,
          "attributes": {
            "id": "/subscriptions/17275fa9-f935-4d89-a406-ea12e4065661/resourceGroups/coa2test1",
            "location": "westeurope",
            "name": "coa2test1",
            "tags": {},
            "timeouts": null
          },
          "sensitive_attributes": [],
          "private": "eyJlMmJmYjczMC1lY2FhLTExZTYtOGY4OC0zNDM2M2JjN2M0YzAiOnsiY3JlYXRlIjo1NDAwMDAwMDAwMDAwLCJkZWxldGUiOjU0MDAwMDAwMDAwMDAsInJlYWQiOjMwMDAwMDAwMDAwMCwidXBkYXRlIjo1NDAwMDAwMDAwMDAwfX0="
        }
      ]
    }
  ],
  "check_results": []
}
