{
  "version": 4,
  "terraform_version": "1.3.1",
  "serial": 193,
  "lineage": "bc0dbded-a2d9-a674-cd14-d1e3dc0d70c7",
  "outputs": {
    "fqdn": {
      "value": "coa1netwerk1.westeurope.cloudapp.azure.com",
      "type": "string"
    },
    "jumpboxip": {
      "value": "13.95.224.204",
      "type": "string"
    }
  },
  "resources": [
    {
      "module": "module.VMMS",
      "mode": "data",
      "type": "template_file",
      "name": "userdata",
      "provider": "provider[\"registry.terraform.io/hashicorp/template\"]",
      "instances": [
        {
          "schema_version": 0,
          "attributes": {
            "filename": null,
            "id": "c86a0d324ce0c57102c9a6662c175df8a104d335bc91f42b6746032a11b442fc",
            "rendered": "#!/bin/bash\r\n\r\nsudo apt update \u0026\u0026 apt upgrade -y\r\nsudo apt-get install apache2 -y\r\nsudo apt-get install php php-cli php-fpm php-mysql php-json php-opcache php-mbstring php-xml php-gd php-curl -y\r\nsudo apt-get install cifs-utils -y\r\n\r\ncd /tmp \u0026\u0026 sudo wget https://wordpress.org/latest.tar.gz\r\nsudo tar -xvf latest.tar.gz\r\n\r\n\r\necho -e \"\r\n\u003c?php\r\ndefine('DB_NAME', 'wordpress');\r\ndefine('DB_USER', 'Testuser');\r\ndefine('DB_PASSWORD', 'Testww@123');\r\ndefine('DB_HOST', 'coa1test1.mysql.database.azure.com');\r\n\\$table_prefix = 'wp_';\r\nif ( ! defined( 'ABSPATH' ) ) {\r\n  define( 'ABSPATH', __DIR__ . '/' );\r\n}\r\nrequire_once ABSPATH . 'wp-settings.php';\r\n?\u003e\r\n\" \u003e\u003e /tmp/wp-config.php\r\n\r\n\r\nsudo mkdir /etc/smbcredentials\r\nsudo chmod 777 /etc/smbcredentials\r\nsudo echo username=coa1test1 \u003e\u003e /etc/smbcredentials/coa1test1.cred\r\nsudo echo password=Wq+oqKKe+H+H5p/LjUzwqYph+6W+t3pfEAlDAYrfJViIrk7CctW3PcTiOwQ9o5v1yPSZCxB2vxRj+ASt1VBn0g== \u003e\u003e /etc/smbcredentials/coa1test1.cred\r\nsudo chmod 600 /etc/smbcredentials/coa1test1.cred\r\n\r\nsudo mount -t cifs //coa1test1.file.core.windows.net/coa1test1 /var/www/ -o credentials=/etc/smbcredentials/coa1test1.cred,dir_mode=0777,file_mode=0777,serverino,nosharesock,actimeo=30\r\ncd /tmp\r\nsudo cp -R wordpress /var/www/html/\r\nsudo chown -R www-data:www-data /var/www/html/wordpress/\r\nsudo chmod -R 755 /var/www/html/wordpress/\r\nsudo mkdir /var/www/html/wordpress/wp-content/uploads\r\nsudo chown -R www-data:www-data /var/www/html/wordpress/wp-content/uploads/\r\nsudo cp /tmp/wp-config.php /var/www/html/wp-config.php\r\ncd /var/www/html\r\nsudo rm -r wordpress\r\nsudo rm index.html\r\nsudo systemctl apache2 restart",
            "template": "#!/bin/bash\r\n\r\nsudo apt update \u0026\u0026 apt upgrade -y\r\nsudo apt-get install apache2 -y\r\nsudo apt-get install php php-cli php-fpm php-mysql php-json php-opcache php-mbstring php-xml php-gd php-curl -y\r\nsudo apt-get install cifs-utils -y\r\n\r\ncd /tmp \u0026\u0026 sudo wget https://wordpress.org/latest.tar.gz\r\nsudo tar -xvf latest.tar.gz\r\n\r\n\r\necho -e \"\r\n\u003c?php\r\ndefine('DB_NAME', '${dbname}');\r\ndefine('DB_USER', '${dbuser}');\r\ndefine('DB_PASSWORD', '${dbpassword}');\r\ndefine('DB_HOST', '${dbadres}');\r\n\\$table_prefix = 'wp_';\r\nif ( ! defined( 'ABSPATH' ) ) {\r\n  define( 'ABSPATH', __DIR__ . '/' );\r\n}\r\nrequire_once ABSPATH . 'wp-settings.php';\r\n?\u003e\r\n\" \u003e\u003e /tmp/wp-config.php\r\n\r\n\r\nsudo mkdir /etc/smbcredentials\r\nsudo chmod 777 /etc/smbcredentials\r\nsudo echo username=${Storageaccountname} \u003e\u003e /etc/smbcredentials/${Storageaccountname}.cred\r\nsudo echo password=${Storageaccountkey} \u003e\u003e /etc/smbcredentials/${Storageaccountname}.cred\r\nsudo chmod 600 /etc/smbcredentials/${Storageaccountname}.cred\r\n\r\nsudo mount -t cifs //${Storageaccountname}.file.core.windows.net/${Filesharename} /var/www/ -o credentials=/etc/smbcredentials/${Storageaccountname}.cred,dir_mode=0777,file_mode=0777,serverino,nosharesock,actimeo=30\r\ncd /tmp\r\nsudo cp -R wordpress /var/www/html/\r\nsudo chown -R www-data:www-data /var/www/html/wordpress/\r\nsudo chmod -R 755 /var/www/html/wordpress/\r\nsudo mkdir /var/www/html/wordpress/wp-content/uploads\r\nsudo chown -R www-data:www-data /var/www/html/wordpress/wp-content/uploads/\r\nsudo cp /tmp/wp-config.php /var/www/html/wp-config.php\r\ncd /var/www/html\r\nsudo rm -r wordpress\r\nsudo rm index.html\r\nsudo systemctl apache2 restart",
            "vars": {
              "Filesharename": "coa1test1",
              "Storageaccountkey": "Wq+oqKKe+H+H5p/LjUzwqYph+6W+t3pfEAlDAYrfJViIrk7CctW3PcTiOwQ9o5v1yPSZCxB2vxRj+ASt1VBn0g==",
              "Storageaccountname": "coa1test1",
              "dbadres": "coa1test1.mysql.database.azure.com",
              "dbname": "wordpress",
              "dbpassword": "Testww@123",
              "dbuser": "Testuser"
            }
          },
          "sensitive_attributes": [
            [
              {
                "type": "get_attr",
                "value": "vars"
              },
              {
                "type": "index",
                "value": {
                  "value": "Storageaccountkey",
                  "type": "string"
                }
              }
            ]
          ]
        }
      ]
    },
    {
      "module": "module.VMMS",
      "mode": "managed",
      "type": "azurerm_virtual_machine_scale_set",
      "name": "VMSS",
      "provider": "module.VMMS.provider[\"registry.terraform.io/hashicorp/azurerm\"]",
      "instances": [
        {
          "schema_version": 1,
          "attributes": {
            "automatic_os_upgrade": false,
            "boot_diagnostics": [],
            "eviction_policy": "",
            "extension": [],
            "health_probe_id": null,
            "id": "/subscriptions/17275fa9-f935-4d89-a406-ea12e4065661/resourceGroups/coa1test1/providers/Microsoft.Compute/virtualMachineScaleSets/ScaleGroup1",
            "identity": [],
            "license_type": "",
            "location": "westeurope",
            "name": "ScaleGroup1",
            "network_profile": [
              {
                "accelerated_networking": false,
                "dns_settings": [
                  {
                    "dns_servers": []
                  }
                ],
                "ip_configuration": [
                  {
                    "application_gateway_backend_address_pool_ids": [],
                    "application_security_group_ids": [],
                    "load_balancer_backend_address_pool_ids": [
                      "/subscriptions/17275fa9-f935-4d89-a406-ea12e4065661/resourceGroups/coa1test1/providers/Microsoft.Network/loadBalancers/Loadbalancer1/backendAddressPools/BackEndAddressPool"
                    ],
                    "load_balancer_inbound_nat_rules_ids": [],
                    "name": "IPConfiguration",
                    "primary": true,
                    "public_ip_address_configuration": [],
                    "subnet_id": "/subscriptions/17275fa9-f935-4d89-a406-ea12e4065661/resourceGroups/coa1test1/providers/Microsoft.Network/virtualNetworks/vmss-vnet/subnets/vmss-subnet"
                  }
                ],
                "ip_forwarding": false,
                "name": "Testnw",
                "network_security_group_id": "",
                "primary": true
              }
            ],
            "os_profile": [
              {
                "admin_password": "Testww@123",
                "admin_username": "azureuser",
                "computer_name_prefix": "test1",
                "custom_data": "IyEvYmluL2Jhc2gNCg0Kc3VkbyBhcHQgdXBkYXRlICYmIGFwdCB1cGdyYWRlIC15DQpzdWRvIGFwdC1nZXQgaW5zdGFsbCBhcGFjaGUyIC15DQpzdWRvIGFwdC1nZXQgaW5zdGFsbCBwaHAgcGhwLWNsaSBwaHAtZnBtIHBocC1teXNxbCBwaHAtanNvbiBwaHAtb3BjYWNoZSBwaHAtbWJzdHJpbmcgcGhwLXhtbCBwaHAtZ2QgcGhwLWN1cmwgLXkNCnN1ZG8gYXB0LWdldCBpbnN0YWxsIGNpZnMtdXRpbHMgLXkNCg0KY2QgL3RtcCAmJiBzdWRvIHdnZXQgaHR0cHM6Ly93b3JkcHJlc3Mub3JnL2xhdGVzdC50YXIuZ3oNCnN1ZG8gdGFyIC14dmYgbGF0ZXN0LnRhci5neg0KDQoNCmVjaG8gLWUgIg0KPD9waHANCmRlZmluZSgnREJfTkFNRScsICd3b3JkcHJlc3MnKTsNCmRlZmluZSgnREJfVVNFUicsICdUZXN0dXNlcicpOw0KZGVmaW5lKCdEQl9QQVNTV09SRCcsICdUZXN0d3dAMTIzJyk7DQpkZWZpbmUoJ0RCX0hPU1QnLCAnY29hMXRlc3QxLm15c3FsLmRhdGFiYXNlLmF6dXJlLmNvbScpOw0KXCR0YWJsZV9wcmVmaXggPSAnd3BfJzsNCmlmICggISBkZWZpbmVkKCAnQUJTUEFUSCcgKSApIHsNCiAgZGVmaW5lKCAnQUJTUEFUSCcsIF9fRElSX18gLiAnLycgKTsNCn0NCnJlcXVpcmVfb25jZSBBQlNQQVRIIC4gJ3dwLXNldHRpbmdzLnBocCc7DQo/Pg0KIiA+PiAvdG1wL3dwLWNvbmZpZy5waHANCg0KDQpzdWRvIG1rZGlyIC9ldGMvc21iY3JlZGVudGlhbHMNCnN1ZG8gY2htb2QgNzc3IC9ldGMvc21iY3JlZGVudGlhbHMNCnN1ZG8gZWNobyB1c2VybmFtZT1jb2ExdGVzdDEgPj4gL2V0Yy9zbWJjcmVkZW50aWFscy9jb2ExdGVzdDEuY3JlZA0Kc3VkbyBlY2hvIHBhc3N3b3JkPVdxK29xS0tlK0grSDVwL0xqVXp3cVlwaCs2Vyt0M3BmRUFsREFZcmZKVmlJcms3Q2N0VzNQY1RpT3dROW81djF5UFNaQ3hCMnZ4UmorQVN0MVZCbjBnPT0gPj4gL2V0Yy9zbWJjcmVkZW50aWFscy9jb2ExdGVzdDEuY3JlZA0Kc3VkbyBjaG1vZCA2MDAgL2V0Yy9zbWJjcmVkZW50aWFscy9jb2ExdGVzdDEuY3JlZA0KDQpzdWRvIG1vdW50IC10IGNpZnMgLy9jb2ExdGVzdDEuZmlsZS5jb3JlLndpbmRvd3MubmV0L2NvYTF0ZXN0MSAvdmFyL3d3dy8gLW8gY3JlZGVudGlhbHM9L2V0Yy9zbWJjcmVkZW50aWFscy9jb2ExdGVzdDEuY3JlZCxkaXJfbW9kZT0wNzc3LGZpbGVfbW9kZT0wNzc3LHNlcnZlcmlubyxub3NoYXJlc29jayxhY3RpbWVvPTMwDQpjZCAvdG1wDQpzdWRvIGNwIC1SIHdvcmRwcmVzcyAvdmFyL3d3dy9odG1sLw0Kc3VkbyBjaG93biAtUiB3d3ctZGF0YTp3d3ctZGF0YSAvdmFyL3d3dy9odG1sL3dvcmRwcmVzcy8NCnN1ZG8gY2htb2QgLVIgNzU1IC92YXIvd3d3L2h0bWwvd29yZHByZXNzLw0Kc3VkbyBta2RpciAvdmFyL3d3dy9odG1sL3dvcmRwcmVzcy93cC1jb250ZW50L3VwbG9hZHMNCnN1ZG8gY2hvd24gLVIgd3d3LWRhdGE6d3d3LWRhdGEgL3Zhci93d3cvaHRtbC93b3JkcHJlc3Mvd3AtY29udGVudC91cGxvYWRzLw0Kc3VkbyBjcCAvdG1wL3dwLWNvbmZpZy5waHAgL3Zhci93d3cvaHRtbC93cC1jb25maWcucGhwDQpjZCAvdmFyL3d3dy9odG1sDQpzdWRvIHJtIC1yIHdvcmRwcmVzcw0Kc3VkbyBybSBpbmRleC5odG1sDQpzdWRvIHN5c3RlbWN0bCBhcGFjaGUyIHJlc3RhcnQ="
              }
            ],
            "os_profile_linux_config": [
              {
                "disable_password_authentication": false,
                "ssh_keys": []
              }
            ],
            "os_profile_secrets": [],
            "os_profile_windows_config": [],
            "overprovision": true,
            "plan": [],
            "priority": "",
            "proximity_placement_group_id": null,
            "resource_group_name": "coa1test1",
            "rolling_upgrade_policy": [],
            "single_placement_group": true,
            "sku": [
              {
                "capacity": 2,
                "name": "Standard_B2s",
                "tier": "Standard"
              }
            ],
            "storage_profile_data_disk": [],
            "storage_profile_image_reference": [
              {
                "id": "",
                "offer": "UbuntuServer",
                "publisher": "Canonical",
                "sku": "18.04-LTS",
                "version": "latest"
              }
            ],
            "storage_profile_os_disk": [
              {
                "caching": "ReadWrite",
                "create_option": "FromImage",
                "image": "",
                "managed_disk_type": "Standard_LRS",
                "name": "",
                "os_type": "",
                "vhd_containers": []
              }
            ],
            "tags": null,
            "timeouts": null,
            "upgrade_policy_mode": "Manual",
            "zones": null
          },
          "sensitive_attributes": [],
          "private": "eyJlMmJmYjczMC1lY2FhLTExZTYtOGY4OC0zNDM2M2JjN2M0YzAiOnsiY3JlYXRlIjozNjAwMDAwMDAwMDAwLCJkZWxldGUiOjM2MDAwMDAwMDAwMDAsInJlYWQiOjMwMDAwMDAwMDAwMCwidXBkYXRlIjozNjAwMDAwMDAwMDAwfSwic2NoZW1hX3ZlcnNpb24iOiIxIn0=",
          "dependencies": [
            "module.VMMS.data.template_file.userdata",
            "module.database.azurerm_mysql_database.SQLDB",
            "module.database.azurerm_mysql_server.SQLSVR",
            "module.lb.azurerm_lb.LB",
            "module.lb.azurerm_lb_backend_address_pool.BAP",
            "module.network.azurerm_public_ip.IP",
            "module.network.azurerm_subnet.SN",
            "module.network.azurerm_virtual_network.VN",
            "module.rg.azurerm_resource_group.RGN",
            "module.storage.azurerm_storage_account.SACC",
            "module.storage.azurerm_storage_share.SHARE"
          ]
        }
      ]
    },
    {
      "module": "module.database",
      "mode": "managed",
      "type": "azurerm_mysql_database",
      "name": "SQLDB",
      "provider": "module.database.provider[\"registry.terraform.io/hashicorp/azurerm\"]",
      "instances": [
        {
          "schema_version": 0,
          "attributes": {
            "charset": "utf8",
            "collation": "utf8_unicode_ci",
            "id": "/subscriptions/17275fa9-f935-4d89-a406-ea12e4065661/resourceGroups/coa1test1/providers/Microsoft.DBforMySQL/servers/coa1test1/databases/wordpress",
            "name": "wordpress",
            "resource_group_name": "coa1test1",
            "server_name": "coa1test1",
            "timeouts": null
          },
          "sensitive_attributes": [],
          "private": "eyJlMmJmYjczMC1lY2FhLTExZTYtOGY4OC0zNDM2M2JjN2M0YzAiOnsiY3JlYXRlIjozNjAwMDAwMDAwMDAwLCJkZWxldGUiOjM2MDAwMDAwMDAwMDAsInJlYWQiOjMwMDAwMDAwMDAwMCwidXBkYXRlIjozNjAwMDAwMDAwMDAwfX0=",
          "dependencies": [
            "module.database.azurerm_mysql_server.SQLSVR",
            "module.rg.azurerm_resource_group.RGN"
          ]
        }
      ]
    },
    {
      "module": "module.database",
      "mode": "managed",
      "type": "azurerm_mysql_firewall_rule",
      "name": "FWR",
      "provider": "module.database.provider[\"registry.terraform.io/hashicorp/azurerm\"]",
      "instances": [
        {
          "schema_version": 0,
          "attributes": {
            "end_ip_address": "255.255.255.255",
            "id": "/subscriptions/17275fa9-f935-4d89-a406-ea12e4065661/resourceGroups/coa1test1/providers/Microsoft.DBforMySQL/servers/coa1test1/firewallRules/public-internet",
            "name": "public-internet",
            "resource_group_name": "coa1test1",
            "server_name": "coa1test1",
            "start_ip_address": "0.0.0.0",
            "timeouts": null
          },
          "sensitive_attributes": [],
          "private": "eyJlMmJmYjczMC1lY2FhLTExZTYtOGY4OC0zNDM2M2JjN2M0YzAiOnsiY3JlYXRlIjoxODAwMDAwMDAwMDAwLCJkZWxldGUiOjE4MDAwMDAwMDAwMDAsInJlYWQiOjMwMDAwMDAwMDAwMCwidXBkYXRlIjoxODAwMDAwMDAwMDAwfX0=",
          "dependencies": [
            "module.database.azurerm_mysql_server.SQLSVR",
            "module.rg.azurerm_resource_group.RGN"
          ]
        }
      ]
    },
    {
      "module": "module.database",
      "mode": "managed",
      "type": "azurerm_mysql_server",
      "name": "SQLSVR",
      "provider": "module.database.provider[\"registry.terraform.io/hashicorp/azurerm\"]",
      "instances": [
        {
          "schema_version": 0,
          "attributes": {
            "administrator_login": "Testuser",
            "administrator_login_password": "Testww@123",
            "auto_grow_enabled": true,
            "backup_retention_days": 7,
            "create_mode": "Default",
            "creation_source_server_id": null,
            "fqdn": "coa1test1.mysql.database.azure.com",
            "geo_redundant_backup_enabled": false,
            "id": "/subscriptions/17275fa9-f935-4d89-a406-ea12e4065661/resourceGroups/coa1test1/providers/Microsoft.DBforMySQL/servers/coa1test1",
            "identity": [],
            "infrastructure_encryption_enabled": false,
            "location": "westeurope",
            "name": "coa1test1",
            "public_network_access_enabled": true,
            "resource_group_name": "coa1test1",
            "restore_point_in_time": null,
            "sku_name": "B_Gen5_1",
            "ssl_enforcement": "Disabled",
            "ssl_enforcement_enabled": false,
            "ssl_minimal_tls_version_enforced": "TLSEnforcementDisabled",
            "storage_mb": 5120,
            "storage_profile": [
              {
                "auto_grow": "Enabled",
                "backup_retention_days": 7,
                "geo_redundant_backup": "Disabled",
                "storage_mb": 5120
              }
            ],
            "tags": null,
            "threat_detection_policy": [],
            "timeouts": null,
            "version": "5.7"
          },
          "sensitive_attributes": [],
          "private": "eyJlMmJmYjczMC1lY2FhLTExZTYtOGY4OC0zNDM2M2JjN2M0YzAiOnsiY3JlYXRlIjozNjAwMDAwMDAwMDAwLCJkZWxldGUiOjM2MDAwMDAwMDAwMDAsInJlYWQiOjMwMDAwMDAwMDAwMCwidXBkYXRlIjozNjAwMDAwMDAwMDAwfX0=",
          "dependencies": [
            "module.rg.azurerm_resource_group.RGN"
          ]
        }
      ]
    },
    {
      "module": "module.jumpbox",
      "mode": "managed",
      "type": "azurerm_network_interface",
      "name": "jumpbox",
      "provider": "module.jumpbox.provider[\"registry.terraform.io/hashicorp/azurerm\"]",
      "instances": [
        {
          "schema_version": 0,
          "attributes": {
            "applied_dns_servers": [],
            "dns_servers": [],
            "enable_accelerated_networking": false,
            "enable_ip_forwarding": false,
            "id": "/subscriptions/17275fa9-f935-4d89-a406-ea12e4065661/resourceGroups/coa1test1/providers/Microsoft.Network/networkInterfaces/jumpbox-nic",
            "internal_dns_name_label": "",
            "internal_domain_name_suffix": "ds0fvte3oldurp2onp5vv02haa.ax.internal.cloudapp.net",
            "ip_configuration": [
              {
                "gateway_load_balancer_frontend_ip_configuration_id": "",
                "name": "IPConfiguration",
                "primary": true,
                "private_ip_address": "10.0.2.4",
                "private_ip_address_allocation": "Dynamic",
                "private_ip_address_version": "IPv4",
                "public_ip_address_id": "/subscriptions/17275fa9-f935-4d89-a406-ea12e4065661/resourceGroups/coa1test1/providers/Microsoft.Network/publicIPAddresses/jumpbox1",
                "subnet_id": "/subscriptions/17275fa9-f935-4d89-a406-ea12e4065661/resourceGroups/coa1test1/providers/Microsoft.Network/virtualNetworks/vmss-vnet/subnets/vmss-subnet"
              }
            ],
            "location": "westeurope",
            "mac_address": "",
            "name": "jumpbox-nic",
            "private_ip_address": "10.0.2.4",
            "private_ip_addresses": [
              "10.0.2.4"
            ],
            "resource_group_name": "coa1test1",
            "tags": null,
            "timeouts": null,
            "virtual_machine_id": ""
          },
          "sensitive_attributes": [],
          "private": "eyJlMmJmYjczMC1lY2FhLTExZTYtOGY4OC0zNDM2M2JjN2M0YzAiOnsiY3JlYXRlIjoxODAwMDAwMDAwMDAwLCJkZWxldGUiOjE4MDAwMDAwMDAwMDAsInJlYWQiOjMwMDAwMDAwMDAwMCwidXBkYXRlIjoxODAwMDAwMDAwMDAwfX0=",
          "dependencies": [
            "module.jumpbox.azurerm_public_ip.jumpbox",
            "module.network.azurerm_subnet.SN",
            "module.network.azurerm_virtual_network.VN",
            "module.rg.azurerm_resource_group.RGN"
          ]
        }
      ]
    },
    {
      "module": "module.jumpbox",
      "mode": "managed",
      "type": "azurerm_public_ip",
      "name": "jumpbox",
      "provider": "module.jumpbox.provider[\"registry.terraform.io/hashicorp/azurerm\"]",
      "instances": [
        {
          "schema_version": 0,
          "attributes": {
            "allocation_method": "Static",
            "availability_zone": "No-Zone",
            "domain_name_label": "test-ssh",
            "fqdn": "test-ssh.westeurope.cloudapp.azure.com",
            "id": "/subscriptions/17275fa9-f935-4d89-a406-ea12e4065661/resourceGroups/coa1test1/providers/Microsoft.Network/publicIPAddresses/jumpbox1",
            "idle_timeout_in_minutes": 4,
            "ip_address": "13.95.224.204",
            "ip_tags": null,
            "ip_version": "IPv4",
            "location": "westeurope",
            "name": "jumpbox1",
            "public_ip_prefix_id": null,
            "resource_group_name": "coa1test1",
            "reverse_fqdn": "",
            "sku": "Basic",
            "sku_tier": "Regional",
            "tags": null,
            "timeouts": null,
            "zones": []
          },
          "sensitive_attributes": [],
          "private": "eyJlMmJmYjczMC1lY2FhLTExZTYtOGY4OC0zNDM2M2JjN2M0YzAiOnsiY3JlYXRlIjoxODAwMDAwMDAwMDAwLCJkZWxldGUiOjE4MDAwMDAwMDAwMDAsInJlYWQiOjMwMDAwMDAwMDAwMCwidXBkYXRlIjoxODAwMDAwMDAwMDAwfX0=",
          "dependencies": [
            "module.rg.azurerm_resource_group.RGN"
          ]
        }
      ]
    },
    {
      "module": "module.jumpbox",
      "mode": "managed",
      "type": "azurerm_virtual_machine",
      "name": "jumpbox",
      "provider": "module.jumpbox.provider[\"registry.terraform.io/hashicorp/azurerm\"]",
      "instances": [
        {
          "schema_version": 0,
          "attributes": {
            "additional_capabilities": [],
            "availability_set_id": null,
            "boot_diagnostics": [],
            "delete_data_disks_on_termination": false,
            "delete_os_disk_on_termination": false,
            "id": "/subscriptions/17275fa9-f935-4d89-a406-ea12e4065661/resourceGroups/coa1test1/providers/Microsoft.Compute/virtualMachines/jumpbox1",
            "identity": [],
            "license_type": null,
            "location": "westeurope",
            "name": "jumpbox1",
            "network_interface_ids": [
              "/subscriptions/17275fa9-f935-4d89-a406-ea12e4065661/resourceGroups/coa1test1/providers/Microsoft.Network/networkInterfaces/jumpbox-nic"
            ],
            "os_profile": [
              {
                "admin_password": "",
                "admin_username": "azureuser",
                "computer_name": "jumpbox1",
                "custom_data": ""
              }
            ],
            "os_profile_linux_config": [
              {
                "disable_password_authentication": false,
                "ssh_keys": []
              }
            ],
            "os_profile_secrets": [],
            "os_profile_windows_config": [],
            "plan": [],
            "primary_network_interface_id": null,
            "proximity_placement_group_id": null,
            "resource_group_name": "coa1test1",
            "storage_data_disk": [],
            "storage_image_reference": [
              {
                "id": "",
                "offer": "UbuntuServer",
                "publisher": "Canonical",
                "sku": "18.04-LTS",
                "version": "latest"
              }
            ],
            "storage_os_disk": [
              {
                "caching": "ReadWrite",
                "create_option": "FromImage",
                "disk_size_gb": 30,
                "image_uri": "",
                "managed_disk_id": "/subscriptions/17275fa9-f935-4d89-a406-ea12e4065661/resourceGroups/coa1test1/providers/Microsoft.Compute/disks/jumpbox1-osdisk",
                "managed_disk_type": "Standard_LRS",
                "name": "jumpbox1-osdisk",
                "os_type": "Linux",
                "vhd_uri": "",
                "write_accelerator_enabled": false
              }
            ],
            "tags": null,
            "timeouts": null,
            "vm_size": "Standard_B1s",
            "zones": null
          },
          "sensitive_attributes": [],
          "private": "eyJlMmJmYjczMC1lY2FhLTExZTYtOGY4OC0zNDM2M2JjN2M0YzAiOnsiY3JlYXRlIjozNjAwMDAwMDAwMDAwLCJkZWxldGUiOjM2MDAwMDAwMDAwMDAsInJlYWQiOjMwMDAwMDAwMDAwMCwidXBkYXRlIjozNjAwMDAwMDAwMDAwfX0=",
          "dependencies": [
            "module.jumpbox.azurerm_network_interface.jumpbox",
            "module.jumpbox.azurerm_public_ip.jumpbox",
            "module.network.azurerm_subnet.SN",
            "module.network.azurerm_virtual_network.VN",
            "module.rg.azurerm_resource_group.RGN"
          ]
        }
      ]
    },
    {
      "module": "module.lb",
      "mode": "managed",
      "type": "azurerm_lb",
      "name": "LB",
      "provider": "module.lb.provider[\"registry.terraform.io/hashicorp/azurerm\"]",
      "instances": [
        {
          "schema_version": 0,
          "attributes": {
            "frontend_ip_configuration": [
              {
                "availability_zone": "No-Zone",
                "gateway_load_balancer_frontend_ip_configuration_id": "",
                "id": "/subscriptions/17275fa9-f935-4d89-a406-ea12e4065661/resourceGroups/coa1test1/providers/Microsoft.Network/loadBalancers/Loadbalancer1/frontendIPConfigurations/PublicIPAddress",
                "inbound_nat_rules": [],
                "load_balancer_rules": [],
                "name": "PublicIPAddress",
                "outbound_rules": [],
                "private_ip_address": "",
                "private_ip_address_allocation": "Dynamic",
                "private_ip_address_version": "",
                "public_ip_address_id": "/subscriptions/17275fa9-f935-4d89-a406-ea12e4065661/resourceGroups/coa1test1/providers/Microsoft.Network/publicIPAddresses/vmss-public-ip",
                "public_ip_prefix_id": "",
                "subnet_id": "",
                "zones": []
              }
            ],
            "id": "/subscriptions/17275fa9-f935-4d89-a406-ea12e4065661/resourceGroups/coa1test1/providers/Microsoft.Network/loadBalancers/Loadbalancer1",
            "location": "westeurope",
            "name": "Loadbalancer1",
            "private_ip_address": "",
            "private_ip_addresses": [],
            "resource_group_name": "coa1test1",
            "sku": "Basic",
            "sku_tier": "Regional",
            "tags": null,
            "timeouts": null
          },
          "sensitive_attributes": [],
          "private": "eyJlMmJmYjczMC1lY2FhLTExZTYtOGY4OC0zNDM2M2JjN2M0YzAiOnsiY3JlYXRlIjoxODAwMDAwMDAwMDAwLCJkZWxldGUiOjE4MDAwMDAwMDAwMDAsInJlYWQiOjMwMDAwMDAwMDAwMCwidXBkYXRlIjoxODAwMDAwMDAwMDAwfX0=",
          "dependencies": [
            "module.network.azurerm_public_ip.IP",
            "module.rg.azurerm_resource_group.RGN"
          ]
        }
      ]
    },
    {
      "module": "module.lb",
      "mode": "managed",
      "type": "azurerm_lb_backend_address_pool",
      "name": "BAP",
      "provider": "module.lb.provider[\"registry.terraform.io/hashicorp/azurerm\"]",
      "instances": [
        {
          "schema_version": 0,
          "attributes": {
            "backend_address": [],
            "backend_ip_configurations": [],
            "id": "/subscriptions/17275fa9-f935-4d89-a406-ea12e4065661/resourceGroups/coa1test1/providers/Microsoft.Network/loadBalancers/Loadbalancer1/backendAddressPools/BackEndAddressPool",
            "load_balancing_rules": [],
            "loadbalancer_id": "/subscriptions/17275fa9-f935-4d89-a406-ea12e4065661/resourceGroups/coa1test1/providers/Microsoft.Network/loadBalancers/Loadbalancer1",
            "name": "BackEndAddressPool",
            "outbound_rules": [],
            "resource_group_name": "coa1test1",
            "timeouts": null,
            "tunnel_interface": []
          },
          "sensitive_attributes": [],
          "private": "eyJlMmJmYjczMC1lY2FhLTExZTYtOGY4OC0zNDM2M2JjN2M0YzAiOnsiY3JlYXRlIjoxODAwMDAwMDAwMDAwLCJkZWxldGUiOjE4MDAwMDAwMDAwMDAsInJlYWQiOjMwMDAwMDAwMDAwMCwidXBkYXRlIjoxODAwMDAwMDAwMDAwfX0=",
          "dependencies": [
            "module.lb.azurerm_lb.LB",
            "module.network.azurerm_public_ip.IP",
            "module.rg.azurerm_resource_group.RGN"
          ]
        }
      ]
    },
    {
      "module": "module.lb",
      "mode": "managed",
      "type": "azurerm_lb_probe",
      "name": "LBP",
      "provider": "module.lb.provider[\"registry.terraform.io/hashicorp/azurerm\"]",
      "instances": [
        {
          "schema_version": 0,
          "attributes": {
            "id": "/subscriptions/17275fa9-f935-4d89-a406-ea12e4065661/resourceGroups/coa1test1/providers/Microsoft.Network/loadBalancers/Loadbalancer1/probes/healthcheck",
            "interval_in_seconds": 15,
            "load_balancer_rules": [],
            "loadbalancer_id": "/subscriptions/17275fa9-f935-4d89-a406-ea12e4065661/resourceGroups/coa1test1/providers/Microsoft.Network/loadBalancers/Loadbalancer1",
            "name": "healthcheck",
            "number_of_probes": 2,
            "port": 80,
            "protocol": "Tcp",
            "request_path": "",
            "resource_group_name": "coa1test1",
            "timeouts": null
          },
          "sensitive_attributes": [],
          "private": "eyJlMmJmYjczMC1lY2FhLTExZTYtOGY4OC0zNDM2M2JjN2M0YzAiOnsiY3JlYXRlIjoxODAwMDAwMDAwMDAwLCJkZWxldGUiOjE4MDAwMDAwMDAwMDAsInJlYWQiOjMwMDAwMDAwMDAwMCwidXBkYXRlIjoxODAwMDAwMDAwMDAwfX0=",
          "dependencies": [
            "module.lb.azurerm_lb.LB",
            "module.network.azurerm_public_ip.IP",
            "module.rg.azurerm_resource_group.RGN"
          ]
        }
      ]
    },
    {
      "module": "module.lb",
      "mode": "managed",
      "type": "azurerm_lb_rule",
      "name": "lbrule",
      "provider": "module.lb.provider[\"registry.terraform.io/hashicorp/azurerm\"]",
      "instances": [
        {
          "schema_version": 0,
          "attributes": {
            "backend_address_pool_id": "/subscriptions/17275fa9-f935-4d89-a406-ea12e4065661/resourceGroups/coa1test1/providers/Microsoft.Network/loadBalancers/Loadbalancer1/backendAddressPools/BackEndAddressPool",
            "backend_address_pool_ids": [
              "/subscriptions/17275fa9-f935-4d89-a406-ea12e4065661/resourceGroups/coa1test1/providers/Microsoft.Network/loadBalancers/Loadbalancer1/backendAddressPools/BackEndAddressPool"
            ],
            "backend_port": 80,
            "disable_outbound_snat": false,
            "enable_floating_ip": false,
            "enable_tcp_reset": false,
            "frontend_ip_configuration_id": "/subscriptions/17275fa9-f935-4d89-a406-ea12e4065661/resourceGroups/coa1test1/providers/Microsoft.Network/loadBalancers/Loadbalancer1/frontendIPConfigurations/PublicIPAddress",
            "frontend_ip_configuration_name": "PublicIPAddress",
            "frontend_port": 80,
            "id": "/subscriptions/17275fa9-f935-4d89-a406-ea12e4065661/resourceGroups/coa1test1/providers/Microsoft.Network/loadBalancers/Loadbalancer1/loadBalancingRules/http",
            "idle_timeout_in_minutes": 4,
            "load_distribution": "Default",
            "loadbalancer_id": "/subscriptions/17275fa9-f935-4d89-a406-ea12e4065661/resourceGroups/coa1test1/providers/Microsoft.Network/loadBalancers/Loadbalancer1",
            "name": "http",
            "probe_id": "/subscriptions/17275fa9-f935-4d89-a406-ea12e4065661/resourceGroups/coa1test1/providers/Microsoft.Network/loadBalancers/Loadbalancer1/probes/healthcheck",
            "protocol": "Tcp",
            "resource_group_name": "coa1test1",
            "timeouts": null
          },
          "sensitive_attributes": [],
          "private": "eyJlMmJmYjczMC1lY2FhLTExZTYtOGY4OC0zNDM2M2JjN2M0YzAiOnsiY3JlYXRlIjoxODAwMDAwMDAwMDAwLCJkZWxldGUiOjE4MDAwMDAwMDAwMDAsInJlYWQiOjMwMDAwMDAwMDAwMCwidXBkYXRlIjoxODAwMDAwMDAwMDAwfX0=",
          "dependencies": [
            "module.lb.azurerm_lb.LB",
            "module.lb.azurerm_lb_backend_address_pool.BAP",
            "module.lb.azurerm_lb_probe.LBP",
            "module.network.azurerm_public_ip.IP",
            "module.rg.azurerm_resource_group.RGN"
          ]
        }
      ]
    },
    {
      "module": "module.network",
      "mode": "managed",
      "type": "azurerm_public_ip",
      "name": "IP",
      "provider": "module.network.provider[\"registry.terraform.io/hashicorp/azurerm\"]",
      "instances": [
        {
          "schema_version": 0,
          "attributes": {
            "allocation_method": "Static",
            "availability_zone": "No-Zone",
            "domain_name_label": "coa1netwerk1",
            "fqdn": "coa1netwerk1.westeurope.cloudapp.azure.com",
            "id": "/subscriptions/17275fa9-f935-4d89-a406-ea12e4065661/resourceGroups/coa1test1/providers/Microsoft.Network/publicIPAddresses/vmss-public-ip",
            "idle_timeout_in_minutes": 4,
            "ip_address": "52.166.3.63",
            "ip_tags": null,
            "ip_version": "IPv4",
            "location": "westeurope",
            "name": "vmss-public-ip",
            "public_ip_prefix_id": null,
            "resource_group_name": "coa1test1",
            "reverse_fqdn": "",
            "sku": "Basic",
            "sku_tier": "Regional",
            "tags": null,
            "timeouts": null,
            "zones": []
          },
          "sensitive_attributes": [],
          "private": "eyJlMmJmYjczMC1lY2FhLTExZTYtOGY4OC0zNDM2M2JjN2M0YzAiOnsiY3JlYXRlIjoxODAwMDAwMDAwMDAwLCJkZWxldGUiOjE4MDAwMDAwMDAwMDAsInJlYWQiOjMwMDAwMDAwMDAwMCwidXBkYXRlIjoxODAwMDAwMDAwMDAwfX0=",
          "dependencies": [
            "module.rg.azurerm_resource_group.RGN"
          ]
        }
      ]
    },
    {
      "module": "module.network",
      "mode": "managed",
      "type": "azurerm_subnet",
      "name": "SN",
      "provider": "module.network.provider[\"registry.terraform.io/hashicorp/azurerm\"]",
      "instances": [
        {
          "schema_version": 0,
          "attributes": {
            "address_prefix": "10.0.2.0/24",
            "address_prefixes": [
              "10.0.2.0/24"
            ],
            "delegation": [],
            "enforce_private_link_endpoint_network_policies": false,
            "enforce_private_link_service_network_policies": false,
            "id": "/subscriptions/17275fa9-f935-4d89-a406-ea12e4065661/resourceGroups/coa1test1/providers/Microsoft.Network/virtualNetworks/vmss-vnet/subnets/vmss-subnet",
            "name": "vmss-subnet",
            "resource_group_name": "coa1test1",
            "service_endpoint_policy_ids": null,
            "service_endpoints": null,
            "timeouts": null,
            "virtual_network_name": "vmss-vnet"
          },
          "sensitive_attributes": [],
          "private": "eyJlMmJmYjczMC1lY2FhLTExZTYtOGY4OC0zNDM2M2JjN2M0YzAiOnsiY3JlYXRlIjoxODAwMDAwMDAwMDAwLCJkZWxldGUiOjE4MDAwMDAwMDAwMDAsInJlYWQiOjMwMDAwMDAwMDAwMCwidXBkYXRlIjoxODAwMDAwMDAwMDAwfX0=",
          "dependencies": [
            "module.network.azurerm_virtual_network.VN",
            "module.rg.azurerm_resource_group.RGN"
          ]
        }
      ]
    },
    {
      "module": "module.network",
      "mode": "managed",
      "type": "azurerm_virtual_network",
      "name": "VN",
      "provider": "module.network.provider[\"registry.terraform.io/hashicorp/azurerm\"]",
      "instances": [
        {
          "schema_version": 0,
          "attributes": {
            "address_space": [
              "10.0.0.0/16"
            ],
            "bgp_community": "",
            "ddos_protection_plan": [],
            "dns_servers": [],
            "flow_timeout_in_minutes": 0,
            "guid": "cc5ab41c-729d-48c7-bf8e-6bff5aeb8700",
            "id": "/subscriptions/17275fa9-f935-4d89-a406-ea12e4065661/resourceGroups/coa1test1/providers/Microsoft.Network/virtualNetworks/vmss-vnet",
            "location": "westeurope",
            "name": "vmss-vnet",
            "resource_group_name": "coa1test1",
            "subnet": [],
            "tags": null,
            "timeouts": null,
            "vm_protection_enabled": false
          },
          "sensitive_attributes": [],
          "private": "eyJlMmJmYjczMC1lY2FhLTExZTYtOGY4OC0zNDM2M2JjN2M0YzAiOnsiY3JlYXRlIjoxODAwMDAwMDAwMDAwLCJkZWxldGUiOjE4MDAwMDAwMDAwMDAsInJlYWQiOjMwMDAwMDAwMDAwMCwidXBkYXRlIjoxODAwMDAwMDAwMDAwfX0=",
          "dependencies": [
            "module.rg.azurerm_resource_group.RGN"
          ]
        }
      ]
    },
    {
      "module": "module.rg",
      "mode": "managed",
      "type": "azurerm_resource_group",
      "name": "RGN",
      "provider": "module.rg.provider[\"registry.terraform.io/hashicorp/azurerm\"]",
      "instances": [
        {
          "schema_version": 0,
          "attributes": {
            "id": "/subscriptions/17275fa9-f935-4d89-a406-ea12e4065661/resourceGroups/coa1test1",
            "location": "westeurope",
            "name": "coa1test1",
            "tags": null,
            "timeouts": null
          },
          "sensitive_attributes": [],
          "private": "eyJlMmJmYjczMC1lY2FhLTExZTYtOGY4OC0zNDM2M2JjN2M0YzAiOnsiY3JlYXRlIjo1NDAwMDAwMDAwMDAwLCJkZWxldGUiOjU0MDAwMDAwMDAwMDAsInJlYWQiOjMwMDAwMDAwMDAwMCwidXBkYXRlIjo1NDAwMDAwMDAwMDAwfX0="
        }
      ]
    },
    {
      "module": "module.storage",
      "mode": "managed",
      "type": "azurerm_storage_account",
      "name": "SACC",
      "provider": "module.storage.provider[\"registry.terraform.io/hashicorp/azurerm\"]",
      "instances": [
        {
          "schema_version": 2,
          "attributes": {
            "access_tier": "Hot",
            "account_kind": "StorageV2",
            "account_replication_type": "LRS",
            "account_tier": "Standard",
            "allow_blob_public_access": false,
            "azure_files_authentication": [],
            "blob_properties": [
              {
                "change_feed_enabled": false,
                "container_delete_retention_policy": [],
                "cors_rule": [],
                "default_service_version": "",
                "delete_retention_policy": [],
                "last_access_time_enabled": false,
                "versioning_enabled": false
              }
            ],
            "custom_domain": [],
            "customer_managed_key": [],
            "enable_https_traffic_only": true,
            "id": "/subscriptions/17275fa9-f935-4d89-a406-ea12e4065661/resourceGroups/coa1test1/providers/Microsoft.Storage/storageAccounts/coa1test1",
            "identity": [],
            "infrastructure_encryption_enabled": false,
            "is_hns_enabled": false,
            "large_file_share_enabled": null,
            "location": "westeurope",
            "min_tls_version": "TLS1_0",
            "name": "coa1test1",
            "network_rules": [
              {
                "bypass": [
                  "AzureServices"
                ],
                "default_action": "Allow",
                "ip_rules": [],
                "private_link_access": [],
                "virtual_network_subnet_ids": []
              }
            ],
            "nfsv3_enabled": false,
            "primary_access_key": "Wq+oqKKe+H+H5p/LjUzwqYph+6W+t3pfEAlDAYrfJViIrk7CctW3PcTiOwQ9o5v1yPSZCxB2vxRj+ASt1VBn0g==",
            "primary_blob_connection_string": "DefaultEndpointsProtocol=https;BlobEndpoint=https://coa1test1.blob.core.windows.net/;AccountName=coa1test1;AccountKey=Wq+oqKKe+H+H5p/LjUzwqYph+6W+t3pfEAlDAYrfJViIrk7CctW3PcTiOwQ9o5v1yPSZCxB2vxRj+ASt1VBn0g==",
            "primary_blob_endpoint": "https://coa1test1.blob.core.windows.net/",
            "primary_blob_host": "coa1test1.blob.core.windows.net",
            "primary_connection_string": "DefaultEndpointsProtocol=https;AccountName=coa1test1;AccountKey=Wq+oqKKe+H+H5p/LjUzwqYph+6W+t3pfEAlDAYrfJViIrk7CctW3PcTiOwQ9o5v1yPSZCxB2vxRj+ASt1VBn0g==;EndpointSuffix=core.windows.net",
            "primary_dfs_endpoint": "https://coa1test1.dfs.core.windows.net/",
            "primary_dfs_host": "coa1test1.dfs.core.windows.net",
            "primary_file_endpoint": "https://coa1test1.file.core.windows.net/",
            "primary_file_host": "coa1test1.file.core.windows.net",
            "primary_location": "westeurope",
            "primary_queue_endpoint": "https://coa1test1.queue.core.windows.net/",
            "primary_queue_host": "coa1test1.queue.core.windows.net",
            "primary_table_endpoint": "https://coa1test1.table.core.windows.net/",
            "primary_table_host": "coa1test1.table.core.windows.net",
            "primary_web_endpoint": "https://coa1test1.z6.web.core.windows.net/",
            "primary_web_host": "coa1test1.z6.web.core.windows.net",
            "queue_encryption_key_type": "Service",
            "queue_properties": [
              {
                "cors_rule": [],
                "hour_metrics": [
                  {
                    "enabled": true,
                    "include_apis": true,
                    "retention_policy_days": 7,
                    "version": "1.0"
                  }
                ],
                "logging": [
                  {
                    "delete": false,
                    "read": false,
                    "retention_policy_days": 0,
                    "version": "1.0",
                    "write": false
                  }
                ],
                "minute_metrics": [
                  {
                    "enabled": false,
                    "include_apis": false,
                    "retention_policy_days": 0,
                    "version": "1.0"
                  }
                ]
              }
            ],
            "resource_group_name": "coa1test1",
            "routing": [],
            "secondary_access_key": "yG6lmiyJCCLg17Y+48WTjjutq0exWJqQkPQkaPCi/auN0L8qYHwHiRS/RqSZTjeZFV5ysxxH5oeh+AStqdIocA==",
            "secondary_blob_connection_string": "",
            "secondary_blob_endpoint": null,
            "secondary_blob_host": null,
            "secondary_connection_string": "DefaultEndpointsProtocol=https;AccountName=coa1test1;AccountKey=yG6lmiyJCCLg17Y+48WTjjutq0exWJqQkPQkaPCi/auN0L8qYHwHiRS/RqSZTjeZFV5ysxxH5oeh+AStqdIocA==;EndpointSuffix=core.windows.net",
            "secondary_dfs_endpoint": null,
            "secondary_dfs_host": null,
            "secondary_file_endpoint": null,
            "secondary_file_host": null,
            "secondary_location": "",
            "secondary_queue_endpoint": null,
            "secondary_queue_host": null,
            "secondary_table_endpoint": null,
            "secondary_table_host": null,
            "secondary_web_endpoint": null,
            "secondary_web_host": null,
            "share_properties": [
              {
                "cors_rule": [],
                "retention_policy": [
                  {
                    "days": 7
                  }
                ],
                "smb": []
              }
            ],
            "shared_access_key_enabled": true,
            "static_website": [],
            "table_encryption_key_type": "Service",
            "tags": null,
            "timeouts": null
          },
          "sensitive_attributes": [],
          "private": "eyJlMmJmYjczMC1lY2FhLTExZTYtOGY4OC0zNDM2M2JjN2M0YzAiOnsiY3JlYXRlIjozNjAwMDAwMDAwMDAwLCJkZWxldGUiOjM2MDAwMDAwMDAwMDAsInJlYWQiOjMwMDAwMDAwMDAwMCwidXBkYXRlIjozNjAwMDAwMDAwMDAwfSwic2NoZW1hX3ZlcnNpb24iOiIyIn0=",
          "dependencies": [
            "module.rg.azurerm_resource_group.RGN"
          ]
        }
      ]
    },
    {
      "module": "module.storage",
      "mode": "managed",
      "type": "azurerm_storage_share",
      "name": "SHARE",
      "provider": "module.storage.provider[\"registry.terraform.io/hashicorp/azurerm\"]",
      "instances": [
        {
          "schema_version": 2,
          "attributes": {
            "acl": [],
            "enabled_protocol": "SMB",
            "id": "https://coa1test1.file.core.windows.net/coa1test1",
            "metadata": {},
            "name": "coa1test1",
            "quota": 50,
            "resource_manager_id": "/subscriptions/17275fa9-f935-4d89-a406-ea12e4065661/resourceGroups/coa1test1/providers/Microsoft.Storage/storageAccounts/coa1test1/fileServices/default/fileshares/coa1test1",
            "storage_account_name": "coa1test1",
            "timeouts": null,
            "url": "https://coa1test1.file.core.windows.net/coa1test1"
          },
          "sensitive_attributes": [],
          "private": "eyJlMmJmYjczMC1lY2FhLTExZTYtOGY4OC0zNDM2M2JjN2M0YzAiOnsiY3JlYXRlIjoxODAwMDAwMDAwMDAwLCJkZWxldGUiOjE4MDAwMDAwMDAwMDAsInJlYWQiOjMwMDAwMDAwMDAwMCwidXBkYXRlIjoxODAwMDAwMDAwMDAwfSwic2NoZW1hX3ZlcnNpb24iOiIyIn0=",
          "dependencies": [
            "module.rg.azurerm_resource_group.RGN",
            "module.storage.azurerm_storage_account.SACC"
          ]
        }
      ]
    }
  ],
  "check_results": []
}
